
Microsoft Visual Studio Solution File, Format Version 12.00
# Visual Studio 15
VisualStudioVersion = 15.0.28307.421
MinimumVisualStudioVersion = 10.0.40219.1
Project("{FAE04EC0-301F-11D3-BF4B-00C04F79EFBC}") = "GraLib", "GraLib\GraLib.csproj", "{5FAE5FEC-D6FF-498F-A441-97A44D176E5E}"
EndProject
Project("{FAE04EC0-301F-11D3-BF4B-00C04F79EFBC}") = "ConsoleAppGra", "ConsoleAppGra\ConsoleAppGra.csproj", "{37E6E83F-8EB6-4B26-BB5D-67BF2682A25F}"
EndProject
Project("{FAE04EC0-301F-11D3-BF4B-00C04F79EFBC}") = "GraGUI", "WindowsFormsApp1\GraGUI.csproj", "{550D8033-A7A6-4DAE-8EAD-9F3AEE8400BF}"
EndProject
Global
	GlobalSection(SolutionConfigurationPlatforms) = preSolution
		Debug|Any CPU = Debug|Any CPU
		Release|Any CPU = Release|Any CPU
	EndGlobalSection
	GlobalSection(ProjectConfigurationPlatforms) = postSolution
		{5FAE5FEC-D6FF-498F-A441-97A44D176E5E}.Debug|Any CPU.ActiveCfg = Debug|Any CPU
		{5FAE5FEC-D6FF-498F-A441-97A44D176E5E}.Debug|Any CPU.Build.0 = Debug|Any CPU
		{5FAE5FEC-D6FF-498F-A441-97A44D176E5E}.Release|Any CPU.ActiveCfg = Release|Any CPU
		{5FAE5FEC-D6FF-498F-A441-97A44D176E5E}.Release|Any CPU.Build.0 = Release|Any CPU
		{37E6E83F-8EB6-4B26-BB5D-67BF2682A25F}.Debug|Any CPU.ActiveCfg = Debug|Any CPU
		{37E6E83F-8EB6-4B26-BB5D-67BF2682A25F}.Debug|Any CPU.Build.0 = Debug|Any CPU
		{37E6E83F-8EB6-4B26-BB5D-67BF2682A25F}.Release|Any CPU.ActiveCfg = Release|Any CPU
		{37E6E83F-8EB6-4B26-BB5D-67BF2682A25F}.Release|Any CPU.Build.0 = Release|Any CPU
		{550D8033-A7A6-4DAE-8EAD-9F3AEE8400BF}.Debug|Any CPU.ActiveCfg = Debug|Any CPU
		{550D8033-A7A6-4DAE-8EAD-9F3AEE8400BF}.Debug|Any CPU.Build.0 = Debug|Any CPU
		{550D8033-A7A6-4DAE-8EAD-9F3AEE8400BF}.Release|Any CPU.ActiveCfg = Release|Any CPU
		{550D8033-A7A6-4DAE-8EAD-9F3AEE8400BF}.Release|Any CPU.Build.0 = Release|Any CPU
	EndGlobalSection
	GlobalSection(SolutionProperties) = preSolution
		HideSolutionNode = FALSE
	EndGlobalSection
	GlobalSection(ExtensibilityGlobals) = postSolution
		SolutionGuid = {2D505CE1-CA96-434E-9062-C81C345C9CD8}
	EndGlobalSection
EndGlobal
